
Microsoft Visual Studio Solution File, Format Version 12.00
# Visual Studio Version 16
VisualStudioVersion = 16.0.29709.97
MinimumVisualStudioVersion = 10.0.40219.1
Project("{FAE04EC0-301F-11D3-BF4B-00C04F79EFBC}") = "BaseConversion", "BaseConversion\BaseConversion.csproj", "{C9FA8FC0-D77E-453B-A356-98CF7F9BECD2}"
EndProject
Project("{FAE04EC0-301F-11D3-BF4B-00C04F79EFBC}") = "BaseConversionTests", "BaseConversionTests\BaseConversionTests.csproj", "{F47CA49A-75BF-48C8-A1A9-609DC48F3D96}"
EndProject
Global
	GlobalSection(SolutionConfigurationPlatforms) = preSolution
		Debug|Any CPU = Debug|Any CPU
		Release|Any CPU = Release|Any CPU
	EndGlobalSection
	GlobalSection(ProjectConfigurationPlatforms) = postSolution
		{C9FA8FC0-D77E-453B-A356-98CF7F9BECD2}.Debug|Any CPU.ActiveCfg = Debug|Any CPU
		{C9FA8FC0-D77E-453B-A356-98CF7F9BECD2}.Debug|Any CPU.Build.0 = Debug|Any CPU
		{C9FA8FC0-D77E-453B-A356-98CF7F9BECD2}.Release|Any CPU.ActiveCfg = Release|Any CPU
		{C9FA8FC0-D77E-453B-A356-98CF7F9BECD2}.Release|Any CPU.Build.0 = Release|Any CPU
		{F47CA49A-75BF-48C8-A1A9-609DC48F3D96}.Debug|Any CPU.ActiveCfg = Debug|Any CPU
		{F47CA49A-75BF-48C8-A1A9-609DC48F3D96}.Debug|Any CPU.Build.0 = Debug|Any CPU
		{F47CA49A-75BF-48C8-A1A9-609DC48F3D96}.Release|Any CPU.ActiveCfg = Release|Any CPU
		{F47CA49A-75BF-48C8-A1A9-609DC48F3D96}.Release|Any CPU.Build.0 = Release|Any CPU
	EndGlobalSection
	GlobalSection(SolutionProperties) = preSolution
		HideSolutionNode = FALSE
	EndGlobalSection
	GlobalSection(ExtensibilityGlobals) = postSolution
		SolutionGuid = {260C915F-1395-4969-913C-7A3A4F32A5CB}
	EndGlobalSection
EndGlobal
